{
  "nodes": {
    "home-manager": {
      "inputs": {
        "nixpkgs": [
          "nixpkgs"
        ]
      },
      "locked": {
        "lastModified": 1750792728,
        "narHash": "sha256-Lh3dopA8DdY+ZoaAJPrtkZOZaFEJGSYjOdAYYgOPgE4=",
        "owner": "nix-community",
        "repo": "home-manager",
        "rev": "366f00797b1efb70f2882d3da485e3c10fd3d557",
        "type": "github"
      },
      "original": {
        "owner": "nix-community",
        "ref": "release-25.05",
        "repo": "home-manager",
        "type": "github"
      }
    },
    "home-manager-unstable": {
      "inputs": {
        "nixpkgs": [
          "nixpkgs-unstable"
        ]
      },
      "locked": {
        "lastModified": 1750798083,
        "narHash": "sha256-DTCCcp6WCFaYXWKFRA6fiI2zlvOLCf5Vwx8+/0R8Wc4=",
        "owner": "nix-community",
        "repo": "home-manager",
        "rev": "ff31a4677c1a8ae506aa7e003a3dba08cb203f82",
        "type": "github"
      },
      "original": {
        "owner": "nix-community",
        "repo": "home-manager",
        "type": "github"
      }
    },
    "nix-darwin": {
      "inputs": {
        "nixpkgs": [
          "nixpkgs-unstable"
        ]
      },
      "locked": {
        "lastModified": 1750618568,
        "narHash": "sha256-w9EG5FOXrjXGfbqCcQg9x1lMnTwzNDW5BMXp8ddy15E=",
        "owner": "nix-darwin",
        "repo": "nix-darwin",
        "rev": "1dd19f19e4b53a1fd2e8e738a08dd5fe635ec7e5",
        "type": "github"
      },
      "original": {
        "owner": "nix-darwin",
        "ref": "master",
        "repo": "nix-darwin",
        "type": "github"
      }
    },
    "nixpkgs": {
      "locked": {
        "lastModified": 1750838302,
        "narHash": "sha256-aVkL3/yu50oQzi2YuKo0ceiCypVZpZXYd2P2p1FMJM4=",
        "owner": "NixOS",
        "repo": "nixpkgs",
        "rev": "7284e2decc982b81a296ab35aa46e804baaa1cfe",
        "type": "github"
      },
      "original": {
        "owner": "NixOS",
        "ref": "nixos-25.05",
        "repo": "nixpkgs",
        "type": "github"
      }
    },
    "nixpkgs-unstable": {
      "locked": {
        "lastModified": 1750741721,
        "narHash": "sha256-Z0djmTa1YmnGMfE9jEe05oO4zggjDmxOGKwt844bUhE=",
        "owner": "NixOS",
        "repo": "nixpkgs",
        "rev": "4b1164c3215f018c4442463a27689d973cffd750",
        "type": "github"
      },
      "original": {
        "owner": "NixOS",
        "ref": "nixos-unstable",
        "repo": "nixpkgs",
        "type": "github"
      }
    },
    "nixpkgs_2": {
      "locked": {
        "lastModified": 1750865895,
        "narHash": "sha256-p2dWAQcLVzquy9LxYCZPwyUdugw78Qv3ChvnX755qHA=",
        "owner": "NixOS",
        "repo": "nixpkgs",
        "rev": "61c0f513911459945e2cb8bf333dc849f1b976ff",
        "type": "github"
      },
      "original": {
        "owner": "NixOS",
        "ref": "nixpkgs-unstable",
        "repo": "nixpkgs",
        "type": "github"
      }
    },
    "root": {
      "inputs": {
        "home-manager": "home-manager",
        "home-manager-unstable": "home-manager-unstable",
        "nix-darwin": "nix-darwin",
        "nixpkgs": "nixpkgs",
        "nixpkgs-unstable": "nixpkgs-unstable",
        "zfs-multi-mount": "zfs-multi-mount"
      }
    },
    "zfs-multi-mount": {
      "inputs": {
        "nixpkgs": "nixpkgs_2"
      },
      "locked": {
        "lastModified": 1704210217,
        "narHash": "sha256-uMQ+DeWRSJuYshF5vhLAjfCu/o+IM2Iq4T+RoGhpShM=",
        "owner": "gbytedev",
        "repo": "zfs-multi-mount",
        "rev": "282cdfb9367e74d193c83de64fb9fd9a88bffd7b",
        "type": "github"
      },
      "original": {
        "owner": "gbytedev",
        "ref": "master",
        "repo": "zfs-multi-mount",
        "type": "github"
      }
    }
  },
  "root": "root",
  "version": 7
}
