{
  "nodes": {
    "home-manager": {
      "inputs": {
        "nixpkgs": [
          "nixpkgs"
        ]
      },
      "locked": {
        "lastModified": 1752208517,
        "narHash": "sha256-aRY1cYOdVdXdNjcL/Twpa27CknO7pVHxooPsBizDraE=",
        "owner": "nix-community",
        "repo": "home-manager",
        "rev": "c6a01e54af81b381695db796a43360bf6db5702f",
        "type": "github"
      },
      "original": {
        "owner": "nix-community",
        "ref": "release-25.05",
        "repo": "home-manager",
        "type": "github"
      }
    },
    "home-manager-unstable": {
      "inputs": {
        "nixpkgs": [
          "nixpkgs-unstable"
        ]
      },
      "locked": {
        "lastModified": 1752373701,
        "narHash": "sha256-d0d7y9gjv9HU0Amws6kHJucR8bxrQ0PfVKxt2ll5cfs=",
        "owner": "nix-community",
        "repo": "home-manager",
        "rev": "fc25398450cdab61af9654928dfef9d101f51140",
        "type": "github"
      },
      "original": {
        "owner": "nix-community",
        "repo": "home-manager",
        "type": "github"
      }
    },
    "nix-darwin": {
      "inputs": {
        "nixpkgs": [
          "nixpkgs-unstable"
        ]
      },
      "locked": {
        "lastModified": 1751313918,
        "narHash": "sha256-HsJM3XLa43WpG+665aGEh8iS8AfEwOIQWk3Mke3e7nk=",
        "owner": "nix-darwin",
        "repo": "nix-darwin",
        "rev": "e04a388232d9a6ba56967ce5b53a8a6f713cdfcf",
        "type": "github"
      },
      "original": {
        "owner": "nix-darwin",
        "ref": "master",
        "repo": "nix-darwin",
        "type": "github"
      }
    },
    "nix-flatpak": {
      "locked": {
        "lastModified": 1739444422,
        "narHash": "sha256-iAVVHi7X3kWORftY+LVbRiStRnQEob2TULWyjMS6dWg=",
        "owner": "gmodena",
        "repo": "nix-flatpak",
        "rev": "5e54c3ca05a7c7d968ae1ddeabe01d2a9bc1e177",
        "type": "github"
      },
      "original": {
        "owner": "gmodena",
        "ref": "v0.6.0",
        "repo": "nix-flatpak",
        "type": "github"
      }
    },
    "nixpkgs": {
      "locked": {
        "lastModified": 1752162966,
        "narHash": "sha256-3MxxkU8ZXMHXcbFz7UE4M6qnIPTYGcE/7EMqlZNnVDE=",
        "owner": "NixOS",
        "repo": "nixpkgs",
        "rev": "10e687235226880ed5e9f33f1ffa71fe60f2638a",
        "type": "github"
      },
      "original": {
        "owner": "NixOS",
        "ref": "nixos-25.05",
        "repo": "nixpkgs",
        "type": "github"
      }
    },
    "nixpkgs-unstable": {
      "locked": {
        "lastModified": 1751984180,
        "narHash": "sha256-LwWRsENAZJKUdD3SpLluwDmdXY9F45ZEgCb0X+xgOL0=",
        "owner": "NixOS",
        "repo": "nixpkgs",
        "rev": "9807714d6944a957c2e036f84b0ff8caf9930bc0",
        "type": "github"
      },
      "original": {
        "owner": "NixOS",
        "ref": "nixos-unstable",
        "repo": "nixpkgs",
        "type": "github"
      }
    },
    "nixpkgs_2": {
      "locked": {
        "lastModified": 1752012998,
        "narHash": "sha256-Q82Ms+FQmgOBkdoSVm+FBpuFoeUAffNerR5yVV7SgT8=",
        "owner": "NixOS",
        "repo": "nixpkgs",
        "rev": "2a2130494ad647f953593c4e84ea4df839fbd68c",
        "type": "github"
      },
      "original": {
        "owner": "NixOS",
        "ref": "nixpkgs-unstable",
        "repo": "nixpkgs",
        "type": "github"
      }
    },
    "root": {
      "inputs": {
        "home-manager": "home-manager",
        "home-manager-unstable": "home-manager-unstable",
        "nix-darwin": "nix-darwin",
        "nix-flatpak": "nix-flatpak",
        "nixpkgs": "nixpkgs",
        "nixpkgs-unstable": "nixpkgs-unstable",
        "zfs-multi-mount": "zfs-multi-mount"
      }
    },
    "zfs-multi-mount": {
      "inputs": {
        "nixpkgs": "nixpkgs_2"
      },
      "locked": {
        "lastModified": 1704210217,
        "narHash": "sha256-uMQ+DeWRSJuYshF5vhLAjfCu/o+IM2Iq4T+RoGhpShM=",
        "owner": "gbytedev",
        "repo": "zfs-multi-mount",
        "rev": "282cdfb9367e74d193c83de64fb9fd9a88bffd7b",
        "type": "github"
      },
      "original": {
        "owner": "gbytedev",
        "ref": "master",
        "repo": "zfs-multi-mount",
        "type": "github"
      }
    }
  },
  "root": "root",
  "version": 7
}
